
Microsoft Visual Studio Solution File, Format Version 12.00
# Visual Studio Version 17
VisualStudioVersion = 17.11.35208.52
MinimumVisualStudioVersion = 10.0.40219.1
Project("{FAE04EC0-301F-11D3-BF4B-00C04F79EFBC}") = "EnumerableInterfaces", "EnumerableInterfaces\EnumerableInterfaces.csproj", "{866248DF-02F3-4192-99B8-020AFD4D6DEB}"
EndProject
Project("{FAE04EC0-301F-11D3-BF4B-00C04F79EFBC}") = "DeepDive.Runner", "DeepDive.Runner\DeepDive.Runner.csproj", "{6B2980A0-4E3C-458A-AE44-396DF31B99E0}"
EndProject
Project("{2150E333-8FDC-42A3-9474-1A3956D46DE8}") = "Expressions", "Expressions", "{02EA681E-C7D8-13C7-8484-4AC65E1B71E8}"
EndProject
Project("{FAE04EC0-301F-11D3-BF4B-00C04F79EFBC}") = "VisitingExpressions", "VisitingExpressions\VisitingExpressions.csproj", "{FE5EAE56-EE63-473D-A2CE-31D8399832DE}"
EndProject
Project("{2150E333-8FDC-42A3-9474-1A3956D46DE8}") = "Enumerables", "Enumerables", "{DD477CE6-376D-4088-A9CC-FC78AA6869EB}"
EndProject
Project("{2150E333-8FDC-42A3-9474-1A3956D46DE8}") = "Async", "Async", "{4F820D64-C58F-4A23-A344-0E2045A17E11}"
EndProject
Project("{FAE04EC0-301F-11D3-BF4B-00C04F79EFBC}") = "AsyncProgrammingIntro", "AsyncProgramming\AsyncProgrammingIntro.csproj", "{99FF72A8-1B25-4754-B11A-1DEF4C483B14}"
EndProject
Project("{FAE04EC0-301F-11D3-BF4B-00C04F79EFBC}") = "TPLExamples", "TPLExamples\TPLExamples.csproj", "{B6D61F29-AD29-4036-85E3-19102E5B6680}"
EndProject
Global
	GlobalSection(SolutionConfigurationPlatforms) = preSolution
		Debug|Any CPU = Debug|Any CPU
		Release|Any CPU = Release|Any CPU
	EndGlobalSection
	GlobalSection(ProjectConfigurationPlatforms) = postSolution
		{866248DF-02F3-4192-99B8-020AFD4D6DEB}.Debug|Any CPU.ActiveCfg = Debug|Any CPU
		{866248DF-02F3-4192-99B8-020AFD4D6DEB}.Debug|Any CPU.Build.0 = Debug|Any CPU
		{866248DF-02F3-4192-99B8-020AFD4D6DEB}.Release|Any CPU.ActiveCfg = Release|Any CPU
		{866248DF-02F3-4192-99B8-020AFD4D6DEB}.Release|Any CPU.Build.0 = Release|Any CPU
		{6B2980A0-4E3C-458A-AE44-396DF31B99E0}.Debug|Any CPU.ActiveCfg = Debug|Any CPU
		{6B2980A0-4E3C-458A-AE44-396DF31B99E0}.Debug|Any CPU.Build.0 = Debug|Any CPU
		{6B2980A0-4E3C-458A-AE44-396DF31B99E0}.Release|Any CPU.ActiveCfg = Release|Any CPU
		{6B2980A0-4E3C-458A-AE44-396DF31B99E0}.Release|Any CPU.Build.0 = Release|Any CPU
		{FE5EAE56-EE63-473D-A2CE-31D8399832DE}.Debug|Any CPU.ActiveCfg = Debug|Any CPU
		{FE5EAE56-EE63-473D-A2CE-31D8399832DE}.Debug|Any CPU.Build.0 = Debug|Any CPU
		{FE5EAE56-EE63-473D-A2CE-31D8399832DE}.Release|Any CPU.ActiveCfg = Release|Any CPU
		{FE5EAE56-EE63-473D-A2CE-31D8399832DE}.Release|Any CPU.Build.0 = Release|Any CPU
		{99FF72A8-1B25-4754-B11A-1DEF4C483B14}.Debug|Any CPU.ActiveCfg = Debug|Any CPU
		{99FF72A8-1B25-4754-B11A-1DEF4C483B14}.Debug|Any CPU.Build.0 = Debug|Any CPU
		{99FF72A8-1B25-4754-B11A-1DEF4C483B14}.Release|Any CPU.ActiveCfg = Release|Any CPU
		{99FF72A8-1B25-4754-B11A-1DEF4C483B14}.Release|Any CPU.Build.0 = Release|Any CPU
		{B6D61F29-AD29-4036-85E3-19102E5B6680}.Debug|Any CPU.ActiveCfg = Debug|Any CPU
		{B6D61F29-AD29-4036-85E3-19102E5B6680}.Debug|Any CPU.Build.0 = Debug|Any CPU
		{B6D61F29-AD29-4036-85E3-19102E5B6680}.Release|Any CPU.ActiveCfg = Release|Any CPU
		{B6D61F29-AD29-4036-85E3-19102E5B6680}.Release|Any CPU.Build.0 = Release|Any CPU
	EndGlobalSection
	GlobalSection(SolutionProperties) = preSolution
		HideSolutionNode = FALSE
	EndGlobalSection
	GlobalSection(NestedProjects) = preSolution
		{866248DF-02F3-4192-99B8-020AFD4D6DEB} = {DD477CE6-376D-4088-A9CC-FC78AA6869EB}
		{FE5EAE56-EE63-473D-A2CE-31D8399832DE} = {02EA681E-C7D8-13C7-8484-4AC65E1B71E8}
		{99FF72A8-1B25-4754-B11A-1DEF4C483B14} = {4F820D64-C58F-4A23-A344-0E2045A17E11}
		{B6D61F29-AD29-4036-85E3-19102E5B6680} = {4F820D64-C58F-4A23-A344-0E2045A17E11}
	EndGlobalSection
	GlobalSection(ExtensibilityGlobals) = postSolution
		SolutionGuid = {0D83415D-24FF-4C7B-8AE6-096932A8D156}
	EndGlobalSection
EndGlobal
